
Microsoft Visual Studio Solution File, Format Version 12.00
# Visual Studio Version 16
VisualStudioVersion = 16.0.30114.105
MinimumVisualStudioVersion = 10.0.40219.1
Project("{FAE04EC0-301F-11D3-BF4B-00C04F79EFBC}") = "Exercise Associative Arrays", "Exercise Associative Arrays\Exercise Associative Arrays.csproj", "{EC224D83-6B39-4076-961C-1BA8BA98C0D9}"
EndProject
Project("{FAE04EC0-301F-11D3-BF4B-00C04F79EFBC}") = "01", "1. Count Chars in a String\01.csproj", "{1990584D-A3A5-4534-A69E-5284DCBFD9BF}"
EndProject
Project("{FAE04EC0-301F-11D3-BF4B-00C04F79EFBC}") = "02. A Miner Task", "02. A Miner Task\02. A Miner Task.csproj", "{907A8F4C-2715-46A3-8DE0-8AA1160D362C}"
EndProject
Project("{FAE04EC0-301F-11D3-BF4B-00C04F79EFBC}") = "03. Legendary Farming", "03. Legendary Farming\03. Legendary Farming.csproj", "{E4AB8E65-1EA4-4FE8-9A8B-073C781C1C0F}"
EndProject
Project("{FAE04EC0-301F-11D3-BF4B-00C04F79EFBC}") = "04. Orders", "04. Orders\04. Orders.csproj", "{9BD399A5-DB30-42AE-B28F-85DB4F843E49}"
EndProject
Project("{FAE04EC0-301F-11D3-BF4B-00C04F79EFBC}") = "05. SoftUni Parking", "05. SoftUni Parking\05. SoftUni Parking.csproj", "{36E03604-0D63-43E0-B6A2-0A750AC73911}"
EndProject
Project("{FAE04EC0-301F-11D3-BF4B-00C04F79EFBC}") = "06. Courses", "06. Courses\06. Courses.csproj", "{FB7F4A11-2D73-49EE-B7FD-A732D56E6D32}"
EndProject
Project("{FAE04EC0-301F-11D3-BF4B-00C04F79EFBC}") = "08. Company Users", "08. Company Users\08. Company Users.csproj", "{9AC04FF6-B9A1-43E1-B0DC-54ED84490C26}"
EndProject
Project("{FAE04EC0-301F-11D3-BF4B-00C04F79EFBC}") = "07. Student Academy", "07. Student Academy\07. Student Academy.csproj", "{B6F29F5F-8518-4AA7-AD9B-3CFC408FC88F}"
EndProject
Project("{FAE04EC0-301F-11D3-BF4B-00C04F79EFBC}") = "09. ForceBook", "09. ForceBook\09. ForceBook.csproj", "{FD17F2F5-AF84-4642-968F-7A5F5EE4A6C8}"
EndProject
Project("{FAE04EC0-301F-11D3-BF4B-00C04F79EFBC}") = "10. SoftUni Exam Results", "10. SoftUni Exam Results\10. SoftUni Exam Results.csproj", "{DD4786D0-6333-4A47-B720-8F3AD2281C23}"
EndProject
Global
	GlobalSection(SolutionConfigurationPlatforms) = preSolution
		Debug|Any CPU = Debug|Any CPU
		Release|Any CPU = Release|Any CPU
	EndGlobalSection
	GlobalSection(ProjectConfigurationPlatforms) = postSolution
		{EC224D83-6B39-4076-961C-1BA8BA98C0D9}.Debug|Any CPU.ActiveCfg = Debug|Any CPU
		{EC224D83-6B39-4076-961C-1BA8BA98C0D9}.Debug|Any CPU.Build.0 = Debug|Any CPU
		{EC224D83-6B39-4076-961C-1BA8BA98C0D9}.Release|Any CPU.ActiveCfg = Release|Any CPU
		{EC224D83-6B39-4076-961C-1BA8BA98C0D9}.Release|Any CPU.Build.0 = Release|Any CPU
		{1990584D-A3A5-4534-A69E-5284DCBFD9BF}.Debug|Any CPU.ActiveCfg = Debug|Any CPU
		{1990584D-A3A5-4534-A69E-5284DCBFD9BF}.Debug|Any CPU.Build.0 = Debug|Any CPU
		{1990584D-A3A5-4534-A69E-5284DCBFD9BF}.Release|Any CPU.ActiveCfg = Release|Any CPU
		{1990584D-A3A5-4534-A69E-5284DCBFD9BF}.Release|Any CPU.Build.0 = Release|Any CPU
		{907A8F4C-2715-46A3-8DE0-8AA1160D362C}.Debug|Any CPU.ActiveCfg = Debug|Any CPU
		{907A8F4C-2715-46A3-8DE0-8AA1160D362C}.Debug|Any CPU.Build.0 = Debug|Any CPU
		{907A8F4C-2715-46A3-8DE0-8AA1160D362C}.Release|Any CPU.ActiveCfg = Release|Any CPU
		{907A8F4C-2715-46A3-8DE0-8AA1160D362C}.Release|Any CPU.Build.0 = Release|Any CPU
		{E4AB8E65-1EA4-4FE8-9A8B-073C781C1C0F}.Debug|Any CPU.ActiveCfg = Debug|Any CPU
		{E4AB8E65-1EA4-4FE8-9A8B-073C781C1C0F}.Debug|Any CPU.Build.0 = Debug|Any CPU
		{E4AB8E65-1EA4-4FE8-9A8B-073C781C1C0F}.Release|Any CPU.ActiveCfg = Release|Any CPU
		{E4AB8E65-1EA4-4FE8-9A8B-073C781C1C0F}.Release|Any CPU.Build.0 = Release|Any CPU
		{9BD399A5-DB30-42AE-B28F-85DB4F843E49}.Debug|Any CPU.ActiveCfg = Debug|Any CPU
		{9BD399A5-DB30-42AE-B28F-85DB4F843E49}.Debug|Any CPU.Build.0 = Debug|Any CPU
		{9BD399A5-DB30-42AE-B28F-85DB4F843E49}.Release|Any CPU.ActiveCfg = Release|Any CPU
		{9BD399A5-DB30-42AE-B28F-85DB4F843E49}.Release|Any CPU.Build.0 = Release|Any CPU
		{36E03604-0D63-43E0-B6A2-0A750AC73911}.Debug|Any CPU.ActiveCfg = Debug|Any CPU
		{36E03604-0D63-43E0-B6A2-0A750AC73911}.Debug|Any CPU.Build.0 = Debug|Any CPU
		{36E03604-0D63-43E0-B6A2-0A750AC73911}.Release|Any CPU.ActiveCfg = Release|Any CPU
		{36E03604-0D63-43E0-B6A2-0A750AC73911}.Release|Any CPU.Build.0 = Release|Any CPU
		{FB7F4A11-2D73-49EE-B7FD-A732D56E6D32}.Debug|Any CPU.ActiveCfg = Debug|Any CPU
		{FB7F4A11-2D73-49EE-B7FD-A732D56E6D32}.Debug|Any CPU.Build.0 = Debug|Any CPU
		{FB7F4A11-2D73-49EE-B7FD-A732D56E6D32}.Release|Any CPU.ActiveCfg = Release|Any CPU
		{FB7F4A11-2D73-49EE-B7FD-A732D56E6D32}.Release|Any CPU.Build.0 = Release|Any CPU
		{9AC04FF6-B9A1-43E1-B0DC-54ED84490C26}.Debug|Any CPU.ActiveCfg = Debug|Any CPU
		{9AC04FF6-B9A1-43E1-B0DC-54ED84490C26}.Debug|Any CPU.Build.0 = Debug|Any CPU
		{9AC04FF6-B9A1-43E1-B0DC-54ED84490C26}.Release|Any CPU.ActiveCfg = Release|Any CPU
		{9AC04FF6-B9A1-43E1-B0DC-54ED84490C26}.Release|Any CPU.Build.0 = Release|Any CPU
		{B6F29F5F-8518-4AA7-AD9B-3CFC408FC88F}.Debug|Any CPU.ActiveCfg = Debug|Any CPU
		{B6F29F5F-8518-4AA7-AD9B-3CFC408FC88F}.Debug|Any CPU.Build.0 = Debug|Any CPU
		{B6F29F5F-8518-4AA7-AD9B-3CFC408FC88F}.Release|Any CPU.ActiveCfg = Release|Any CPU
		{B6F29F5F-8518-4AA7-AD9B-3CFC408FC88F}.Release|Any CPU.Build.0 = Release|Any CPU
		{FD17F2F5-AF84-4642-968F-7A5F5EE4A6C8}.Debug|Any CPU.ActiveCfg = Debug|Any CPU
		{FD17F2F5-AF84-4642-968F-7A5F5EE4A6C8}.Debug|Any CPU.Build.0 = Debug|Any CPU
		{FD17F2F5-AF84-4642-968F-7A5F5EE4A6C8}.Release|Any CPU.ActiveCfg = Release|Any CPU
		{FD17F2F5-AF84-4642-968F-7A5F5EE4A6C8}.Release|Any CPU.Build.0 = Release|Any CPU
		{DD4786D0-6333-4A47-B720-8F3AD2281C23}.Debug|Any CPU.ActiveCfg = Debug|Any CPU
		{DD4786D0-6333-4A47-B720-8F3AD2281C23}.Debug|Any CPU.Build.0 = Debug|Any CPU
		{DD4786D0-6333-4A47-B720-8F3AD2281C23}.Release|Any CPU.ActiveCfg = Release|Any CPU
		{DD4786D0-6333-4A47-B720-8F3AD2281C23}.Release|Any CPU.Build.0 = Release|Any CPU
	EndGlobalSection
	GlobalSection(SolutionProperties) = preSolution
		HideSolutionNode = FALSE
	EndGlobalSection
	GlobalSection(ExtensibilityGlobals) = postSolution
		SolutionGuid = {2CFCE385-6213-453F-B09A-92E0E87F7EB1}
	EndGlobalSection
EndGlobal
