
Microsoft Visual Studio Solution File, Format Version 12.00
# Visual Studio Version 16
VisualStudioVersion = 16.0.30114.105
MinimumVisualStudioVersion = 10.0.40219.1
Project("{FAE04EC0-301F-11D3-BF4B-00C04F79EFBC}") = "SimpleCalculator", "SimpleCalculator\SimpleCalculator.csproj", "{6ACC3AC8-24FD-42BC-A10A-88D0AFA9FD62}"
EndProject
Project("{FAE04EC0-301F-11D3-BF4B-00C04F79EFBC}") = "ShuntingYardAlgorithm", "ShuntingYardAlgorithm\ShuntingYardAlgorithm.csproj", "{75DBD8DB-C510-4D9E-9278-6C018B3FF006}"
EndProject
Global
	GlobalSection(SolutionConfigurationPlatforms) = preSolution
		Debug|Any CPU = Debug|Any CPU
		Release|Any CPU = Release|Any CPU
	EndGlobalSection
	GlobalSection(ProjectConfigurationPlatforms) = postSolution
		{6ACC3AC8-24FD-42BC-A10A-88D0AFA9FD62}.Debug|Any CPU.ActiveCfg = Debug|Any CPU
		{6ACC3AC8-24FD-42BC-A10A-88D0AFA9FD62}.Debug|Any CPU.Build.0 = Debug|Any CPU
		{6ACC3AC8-24FD-42BC-A10A-88D0AFA9FD62}.Release|Any CPU.ActiveCfg = Release|Any CPU
		{6ACC3AC8-24FD-42BC-A10A-88D0AFA9FD62}.Release|Any CPU.Build.0 = Release|Any CPU
		{75DBD8DB-C510-4D9E-9278-6C018B3FF006}.Debug|Any CPU.ActiveCfg = Debug|Any CPU
		{75DBD8DB-C510-4D9E-9278-6C018B3FF006}.Debug|Any CPU.Build.0 = Debug|Any CPU
		{75DBD8DB-C510-4D9E-9278-6C018B3FF006}.Release|Any CPU.ActiveCfg = Release|Any CPU
		{75DBD8DB-C510-4D9E-9278-6C018B3FF006}.Release|Any CPU.Build.0 = Release|Any CPU
	EndGlobalSection
	GlobalSection(SolutionProperties) = preSolution
		HideSolutionNode = FALSE
	EndGlobalSection
	GlobalSection(ExtensibilityGlobals) = postSolution
		SolutionGuid = {63353994-4F2D-4384-B558-D8DD287FB8A6}
	EndGlobalSection
EndGlobal
