
Microsoft Visual Studio Solution File, Format Version 12.00
# Visual Studio Version 16
VisualStudioVersion = 16.0.30114.105
MinimumVisualStudioVersion = 10.0.40219.1
Project("{9A19103F-16F7-4668-BE54-9A1E7A4F7556}") = "Objects and Classes", "Objects and Classes\Objects and Classes.csproj", "{E2800C54-A93B-4446-81F5-270542DB83C4}"
EndProject
Project("{9A19103F-16F7-4668-BE54-9A1E7A4F7556}") = "03. Big Factorial", "03. Big Factorial\03. Big Factorial.csproj", "{76B2FDE0-2726-4F94-B539-32EF7498B79E}"
EndProject
Project("{9A19103F-16F7-4668-BE54-9A1E7A4F7556}") = "04. Songs", "04. Songs\04. Songs.csproj", "{4CC2AE5F-E0B0-4216-85EE-AAB24DE6E07F}"
EndProject
Project("{9A19103F-16F7-4668-BE54-9A1E7A4F7556}") = "05. Students", "05. Students\05. Students.csproj", "{31248D5D-BACC-4E03-ABF8-169E49F56642}"
EndProject
Project("{9A19103F-16F7-4668-BE54-9A1E7A4F7556}") = "06. Students 2.0", "06. Students 2.0\06. Students 2.0.csproj", "{F8334434-0621-447E-8597-D4053CA4A71A}"
EndProject
Project("{9A19103F-16F7-4668-BE54-9A1E7A4F7556}") = "07. Store Boxes", "07. Store Boxes\07. Store Boxes.csproj", "{334DE133-22EA-4883-96F2-79B303B5F394}"
EndProject
Project("{FAE04EC0-301F-11D3-BF4B-00C04F79EFBC}") = "08. Vehicle Catalogue", "08. Vehicle Catalogue\08. Vehicle Catalogue.csproj", "{6A2BF5D8-4276-422E-9557-22D475924EB4}"
EndProject
Project("{FAE04EC0-301F-11D3-BF4B-00C04F79EFBC}") = "ConsoleApp1", "ConsoleApp1\ConsoleApp1.csproj", "{22F029B9-2C65-4B77-AF74-CB5293343BDE}"
EndProject
Project("{FAE04EC0-301F-11D3-BF4B-00C04F79EFBC}") = "ConsoleAppUnicode", "ConsoleAppUnicode\ConsoleAppUnicode.csproj", "{9819025D-DCDE-47A9-964C-1C6C580B7667}"
EndProject
Global
	GlobalSection(SolutionConfigurationPlatforms) = preSolution
		Debug|Any CPU = Debug|Any CPU
		Release|Any CPU = Release|Any CPU
	EndGlobalSection
	GlobalSection(ProjectConfigurationPlatforms) = postSolution
		{E2800C54-A93B-4446-81F5-270542DB83C4}.Debug|Any CPU.ActiveCfg = Debug|Any CPU
		{E2800C54-A93B-4446-81F5-270542DB83C4}.Debug|Any CPU.Build.0 = Debug|Any CPU
		{E2800C54-A93B-4446-81F5-270542DB83C4}.Release|Any CPU.ActiveCfg = Release|Any CPU
		{E2800C54-A93B-4446-81F5-270542DB83C4}.Release|Any CPU.Build.0 = Release|Any CPU
		{76B2FDE0-2726-4F94-B539-32EF7498B79E}.Debug|Any CPU.ActiveCfg = Debug|Any CPU
		{76B2FDE0-2726-4F94-B539-32EF7498B79E}.Debug|Any CPU.Build.0 = Debug|Any CPU
		{76B2FDE0-2726-4F94-B539-32EF7498B79E}.Release|Any CPU.ActiveCfg = Release|Any CPU
		{76B2FDE0-2726-4F94-B539-32EF7498B79E}.Release|Any CPU.Build.0 = Release|Any CPU
		{4CC2AE5F-E0B0-4216-85EE-AAB24DE6E07F}.Debug|Any CPU.ActiveCfg = Debug|Any CPU
		{4CC2AE5F-E0B0-4216-85EE-AAB24DE6E07F}.Debug|Any CPU.Build.0 = Debug|Any CPU
		{4CC2AE5F-E0B0-4216-85EE-AAB24DE6E07F}.Release|Any CPU.ActiveCfg = Release|Any CPU
		{4CC2AE5F-E0B0-4216-85EE-AAB24DE6E07F}.Release|Any CPU.Build.0 = Release|Any CPU
		{31248D5D-BACC-4E03-ABF8-169E49F56642}.Debug|Any CPU.ActiveCfg = Debug|Any CPU
		{31248D5D-BACC-4E03-ABF8-169E49F56642}.Debug|Any CPU.Build.0 = Debug|Any CPU
		{31248D5D-BACC-4E03-ABF8-169E49F56642}.Release|Any CPU.ActiveCfg = Release|Any CPU
		{31248D5D-BACC-4E03-ABF8-169E49F56642}.Release|Any CPU.Build.0 = Release|Any CPU
		{F8334434-0621-447E-8597-D4053CA4A71A}.Debug|Any CPU.ActiveCfg = Debug|Any CPU
		{F8334434-0621-447E-8597-D4053CA4A71A}.Debug|Any CPU.Build.0 = Debug|Any CPU
		{F8334434-0621-447E-8597-D4053CA4A71A}.Release|Any CPU.ActiveCfg = Release|Any CPU
		{F8334434-0621-447E-8597-D4053CA4A71A}.Release|Any CPU.Build.0 = Release|Any CPU
		{334DE133-22EA-4883-96F2-79B303B5F394}.Debug|Any CPU.ActiveCfg = Debug|Any CPU
		{334DE133-22EA-4883-96F2-79B303B5F394}.Debug|Any CPU.Build.0 = Debug|Any CPU
		{334DE133-22EA-4883-96F2-79B303B5F394}.Release|Any CPU.ActiveCfg = Release|Any CPU
		{334DE133-22EA-4883-96F2-79B303B5F394}.Release|Any CPU.Build.0 = Release|Any CPU
		{6A2BF5D8-4276-422E-9557-22D475924EB4}.Debug|Any CPU.ActiveCfg = Debug|Any CPU
		{6A2BF5D8-4276-422E-9557-22D475924EB4}.Debug|Any CPU.Build.0 = Debug|Any CPU
		{6A2BF5D8-4276-422E-9557-22D475924EB4}.Release|Any CPU.ActiveCfg = Release|Any CPU
		{6A2BF5D8-4276-422E-9557-22D475924EB4}.Release|Any CPU.Build.0 = Release|Any CPU
		{22F029B9-2C65-4B77-AF74-CB5293343BDE}.Debug|Any CPU.ActiveCfg = Debug|Any CPU
		{22F029B9-2C65-4B77-AF74-CB5293343BDE}.Debug|Any CPU.Build.0 = Debug|Any CPU
		{22F029B9-2C65-4B77-AF74-CB5293343BDE}.Release|Any CPU.ActiveCfg = Release|Any CPU
		{22F029B9-2C65-4B77-AF74-CB5293343BDE}.Release|Any CPU.Build.0 = Release|Any CPU
		{9819025D-DCDE-47A9-964C-1C6C580B7667}.Debug|Any CPU.ActiveCfg = Debug|Any CPU
		{9819025D-DCDE-47A9-964C-1C6C580B7667}.Debug|Any CPU.Build.0 = Debug|Any CPU
		{9819025D-DCDE-47A9-964C-1C6C580B7667}.Release|Any CPU.ActiveCfg = Release|Any CPU
		{9819025D-DCDE-47A9-964C-1C6C580B7667}.Release|Any CPU.Build.0 = Release|Any CPU
	EndGlobalSection
	GlobalSection(SolutionProperties) = preSolution
		HideSolutionNode = FALSE
	EndGlobalSection
	GlobalSection(ExtensibilityGlobals) = postSolution
		SolutionGuid = {02615522-1ABA-4238-9CCD-4015432FE4D9}
	EndGlobalSection
EndGlobal
