
Microsoft Visual Studio Solution File, Format Version 12.00
# Visual Studio Version 16
VisualStudioVersion = 16.0.30114.105
MinimumVisualStudioVersion = 10.0.40219.1
Project("{9A19103F-16F7-4668-BE54-9A1E7A4F7556}") = "Arrays - Exercise", "Arrays - Exercise\Arrays - Exercise.csproj", "{AF2A5707-7143-41EF-B609-459497DD4562}"
EndProject
Project("{9A19103F-16F7-4668-BE54-9A1E7A4F7556}") = "01. Train", "01. Train\01. Train.csproj", "{9BEE4AB9-F45E-4ADC-A047-68F4A8616062}"
EndProject
Project("{9A19103F-16F7-4668-BE54-9A1E7A4F7556}") = "02. Common Elements", "02. Common Elements\02. Common Elements.csproj", "{C1E678E4-5F1E-464D-806F-28B252425562}"
EndProject
Project("{9A19103F-16F7-4668-BE54-9A1E7A4F7556}") = "03. Zig-Zag Arrays", "03. Zig-Zag Arrays\03. Zig-Zag Arrays.csproj", "{43927BF5-60F7-4AB5-9F9B-1D7C265C4EB6}"
EndProject
Project("{9A19103F-16F7-4668-BE54-9A1E7A4F7556}") = "04. Array Rotation", "04. Array Rotation\04. Array Rotation.csproj", "{AA8562EE-8EDC-4CB1-A043-3742489ABE5E}"
EndProject
Project("{9A19103F-16F7-4668-BE54-9A1E7A4F7556}") = "05. Top Integers", "05. Top Integers\05. Top Integers.csproj", "{11FC1246-0B8E-4274-B121-872E3C2722F5}"
EndProject
Project("{9A19103F-16F7-4668-BE54-9A1E7A4F7556}") = "06. Equal Sum", "06. Equal Sum\06. Equal Sum.csproj", "{4555DBD4-1056-49F6-9AC8-CD921E3DF79F}"
EndProject
Project("{9A19103F-16F7-4668-BE54-9A1E7A4F7556}") = "07. Max Sequence of Equal Elements", "07. Max Sequence of Equal Elements\07. Max Sequence of Equal Elements.csproj", "{F969FFC9-9F08-477C-91E8-393C048F3F28}"
EndProject
Project("{9A19103F-16F7-4668-BE54-9A1E7A4F7556}") = "08. Magic Sum", "08. Magic Sum\08. Magic Sum.csproj", "{62750D08-F918-498E-8C6D-852E8564C3AE}"
EndProject
Project("{9A19103F-16F7-4668-BE54-9A1E7A4F7556}") = "09. Kamino Factory", "09. Kamino Factory\09. Kamino Factory.csproj", "{595CBDC6-B1D1-4304-BFB9-055D9140C679}"
EndProject
Project("{FAE04EC0-301F-11D3-BF4B-00C04F79EFBC}") = "1. Encrypt, Sort and Print Array", "1. Encrypt, Sort and Print Array\1. Encrypt, Sort and Print Array.csproj", "{22E8B891-6C58-4A89-801B-BA1B0C5815D3}"
EndProject
Global
	GlobalSection(SolutionConfigurationPlatforms) = preSolution
		Debug|Any CPU = Debug|Any CPU
		Release|Any CPU = Release|Any CPU
	EndGlobalSection
	GlobalSection(ProjectConfigurationPlatforms) = postSolution
		{AF2A5707-7143-41EF-B609-459497DD4562}.Debug|Any CPU.ActiveCfg = Debug|Any CPU
		{AF2A5707-7143-41EF-B609-459497DD4562}.Debug|Any CPU.Build.0 = Debug|Any CPU
		{AF2A5707-7143-41EF-B609-459497DD4562}.Release|Any CPU.ActiveCfg = Release|Any CPU
		{AF2A5707-7143-41EF-B609-459497DD4562}.Release|Any CPU.Build.0 = Release|Any CPU
		{9BEE4AB9-F45E-4ADC-A047-68F4A8616062}.Debug|Any CPU.ActiveCfg = Debug|Any CPU
		{9BEE4AB9-F45E-4ADC-A047-68F4A8616062}.Debug|Any CPU.Build.0 = Debug|Any CPU
		{9BEE4AB9-F45E-4ADC-A047-68F4A8616062}.Release|Any CPU.ActiveCfg = Release|Any CPU
		{9BEE4AB9-F45E-4ADC-A047-68F4A8616062}.Release|Any CPU.Build.0 = Release|Any CPU
		{C1E678E4-5F1E-464D-806F-28B252425562}.Debug|Any CPU.ActiveCfg = Debug|Any CPU
		{C1E678E4-5F1E-464D-806F-28B252425562}.Debug|Any CPU.Build.0 = Debug|Any CPU
		{C1E678E4-5F1E-464D-806F-28B252425562}.Release|Any CPU.ActiveCfg = Release|Any CPU
		{C1E678E4-5F1E-464D-806F-28B252425562}.Release|Any CPU.Build.0 = Release|Any CPU
		{43927BF5-60F7-4AB5-9F9B-1D7C265C4EB6}.Debug|Any CPU.ActiveCfg = Debug|Any CPU
		{43927BF5-60F7-4AB5-9F9B-1D7C265C4EB6}.Debug|Any CPU.Build.0 = Debug|Any CPU
		{43927BF5-60F7-4AB5-9F9B-1D7C265C4EB6}.Release|Any CPU.ActiveCfg = Release|Any CPU
		{43927BF5-60F7-4AB5-9F9B-1D7C265C4EB6}.Release|Any CPU.Build.0 = Release|Any CPU
		{AA8562EE-8EDC-4CB1-A043-3742489ABE5E}.Debug|Any CPU.ActiveCfg = Debug|Any CPU
		{AA8562EE-8EDC-4CB1-A043-3742489ABE5E}.Debug|Any CPU.Build.0 = Debug|Any CPU
		{AA8562EE-8EDC-4CB1-A043-3742489ABE5E}.Release|Any CPU.ActiveCfg = Release|Any CPU
		{AA8562EE-8EDC-4CB1-A043-3742489ABE5E}.Release|Any CPU.Build.0 = Release|Any CPU
		{11FC1246-0B8E-4274-B121-872E3C2722F5}.Debug|Any CPU.ActiveCfg = Debug|Any CPU
		{11FC1246-0B8E-4274-B121-872E3C2722F5}.Debug|Any CPU.Build.0 = Debug|Any CPU
		{11FC1246-0B8E-4274-B121-872E3C2722F5}.Release|Any CPU.ActiveCfg = Release|Any CPU
		{11FC1246-0B8E-4274-B121-872E3C2722F5}.Release|Any CPU.Build.0 = Release|Any CPU
		{4555DBD4-1056-49F6-9AC8-CD921E3DF79F}.Debug|Any CPU.ActiveCfg = Debug|Any CPU
		{4555DBD4-1056-49F6-9AC8-CD921E3DF79F}.Debug|Any CPU.Build.0 = Debug|Any CPU
		{4555DBD4-1056-49F6-9AC8-CD921E3DF79F}.Release|Any CPU.ActiveCfg = Release|Any CPU
		{4555DBD4-1056-49F6-9AC8-CD921E3DF79F}.Release|Any CPU.Build.0 = Release|Any CPU
		{F969FFC9-9F08-477C-91E8-393C048F3F28}.Debug|Any CPU.ActiveCfg = Debug|Any CPU
		{F969FFC9-9F08-477C-91E8-393C048F3F28}.Debug|Any CPU.Build.0 = Debug|Any CPU
		{F969FFC9-9F08-477C-91E8-393C048F3F28}.Release|Any CPU.ActiveCfg = Release|Any CPU
		{F969FFC9-9F08-477C-91E8-393C048F3F28}.Release|Any CPU.Build.0 = Release|Any CPU
		{62750D08-F918-498E-8C6D-852E8564C3AE}.Debug|Any CPU.ActiveCfg = Debug|Any CPU
		{62750D08-F918-498E-8C6D-852E8564C3AE}.Debug|Any CPU.Build.0 = Debug|Any CPU
		{62750D08-F918-498E-8C6D-852E8564C3AE}.Release|Any CPU.ActiveCfg = Release|Any CPU
		{62750D08-F918-498E-8C6D-852E8564C3AE}.Release|Any CPU.Build.0 = Release|Any CPU
		{595CBDC6-B1D1-4304-BFB9-055D9140C679}.Debug|Any CPU.ActiveCfg = Debug|Any CPU
		{595CBDC6-B1D1-4304-BFB9-055D9140C679}.Debug|Any CPU.Build.0 = Debug|Any CPU
		{595CBDC6-B1D1-4304-BFB9-055D9140C679}.Release|Any CPU.ActiveCfg = Release|Any CPU
		{595CBDC6-B1D1-4304-BFB9-055D9140C679}.Release|Any CPU.Build.0 = Release|Any CPU
		{22E8B891-6C58-4A89-801B-BA1B0C5815D3}.Debug|Any CPU.ActiveCfg = Debug|Any CPU
		{22E8B891-6C58-4A89-801B-BA1B0C5815D3}.Debug|Any CPU.Build.0 = Debug|Any CPU
		{22E8B891-6C58-4A89-801B-BA1B0C5815D3}.Release|Any CPU.ActiveCfg = Release|Any CPU
		{22E8B891-6C58-4A89-801B-BA1B0C5815D3}.Release|Any CPU.Build.0 = Release|Any CPU
	EndGlobalSection
	GlobalSection(SolutionProperties) = preSolution
		HideSolutionNode = FALSE
	EndGlobalSection
	GlobalSection(ExtensibilityGlobals) = postSolution
		SolutionGuid = {A7EFE8C1-1C87-4B51-88B5-7F36B78E9273}
	EndGlobalSection
EndGlobal
