
Microsoft Visual Studio Solution File, Format Version 12.00
# Visual Studio Version 16
VisualStudioVersion = 16.0.30114.105
MinimumVisualStudioVersion = 10.0.40219.1
Project("{9A19103F-16F7-4668-BE54-9A1E7A4F7556}") = "11. Snowballs", "Exercise Data Types and Variables\11. Snowballs.csproj", "{31AC8333-E3BE-49B0-920E-B03B72A963F9}"
EndProject
Project("{9A19103F-16F7-4668-BE54-9A1E7A4F7556}") = "01. Integer Operations", "01. Integer Operations\01. Integer Operations.csproj", "{8BF4B5B7-A39F-4A93-BFCB-B5952E648EEA}"
EndProject
Project("{9A19103F-16F7-4668-BE54-9A1E7A4F7556}") = "02. Sum Digits", "02. Sum Digits\02. Sum Digits.csproj", "{C8B4E8AD-C4DA-43BF-9F2B-B56985181246}"
EndProject
Project("{9A19103F-16F7-4668-BE54-9A1E7A4F7556}") = "03. Elevator", "03. Elevator\03. Elevator.csproj", "{57121FD6-9BEE-47BE-9FEA-552A289AFE4C}"
EndProject
Project("{9A19103F-16F7-4668-BE54-9A1E7A4F7556}") = "04. Sum of Chars", "04. Sum of Chars\04. Sum of Chars.csproj", "{611344ED-48F3-4179-8A98-490595359798}"
EndProject
Project("{FAE04EC0-301F-11D3-BF4B-00C04F79EFBC}") = "05. Print Part Of ASCII Table", "05. Print Part Of ASCII Table\05. Print Part Of ASCII Table.csproj", "{86307312-980D-4F49-B6B8-B4EBCF938C44}"
EndProject
Project("{FAE04EC0-301F-11D3-BF4B-00C04F79EFBC}") = "06. Triples of Latin Letters", "06. Triples of Latin Letters\06. Triples of Latin Letters.csproj", "{DD28A3DE-DF92-4FF9-854D-DD6468FDC0BB}"
EndProject
Project("{FAE04EC0-301F-11D3-BF4B-00C04F79EFBC}") = "07. Water Overflow", "07. Water Overflow\07. Water Overflow.csproj", "{D43CC934-5186-4FE1-A2CC-6FB88B9F6E07}"
EndProject
Project("{FAE04EC0-301F-11D3-BF4B-00C04F79EFBC}") = "08. Beer Kegs", "08. Beer Kegs\08. Beer Kegs.csproj", "{D1905A68-04FA-4054-AAAD-65E94AB2C500}"
EndProject
Project("{FAE04EC0-301F-11D3-BF4B-00C04F79EFBC}") = "09. Spice Must Flow", "09. Spice Must Flow\09. Spice Must Flow.csproj", "{A62DA6FD-5ADE-4CCB-BE36-F3FF7119257F}"
EndProject
Project("{FAE04EC0-301F-11D3-BF4B-00C04F79EFBC}") = "10. Poke Mon", "10. Poke Mon\10. Poke Mon.csproj", "{E12AADC1-F43C-4F93-B0B3-4EF16DD0611B}"
EndProject
Global
	GlobalSection(SolutionConfigurationPlatforms) = preSolution
		Debug|Any CPU = Debug|Any CPU
		Release|Any CPU = Release|Any CPU
	EndGlobalSection
	GlobalSection(ProjectConfigurationPlatforms) = postSolution
		{31AC8333-E3BE-49B0-920E-B03B72A963F9}.Debug|Any CPU.ActiveCfg = Debug|Any CPU
		{31AC8333-E3BE-49B0-920E-B03B72A963F9}.Debug|Any CPU.Build.0 = Debug|Any CPU
		{31AC8333-E3BE-49B0-920E-B03B72A963F9}.Release|Any CPU.ActiveCfg = Release|Any CPU
		{31AC8333-E3BE-49B0-920E-B03B72A963F9}.Release|Any CPU.Build.0 = Release|Any CPU
		{8BF4B5B7-A39F-4A93-BFCB-B5952E648EEA}.Debug|Any CPU.ActiveCfg = Debug|Any CPU
		{8BF4B5B7-A39F-4A93-BFCB-B5952E648EEA}.Debug|Any CPU.Build.0 = Debug|Any CPU
		{8BF4B5B7-A39F-4A93-BFCB-B5952E648EEA}.Release|Any CPU.ActiveCfg = Release|Any CPU
		{8BF4B5B7-A39F-4A93-BFCB-B5952E648EEA}.Release|Any CPU.Build.0 = Release|Any CPU
		{C8B4E8AD-C4DA-43BF-9F2B-B56985181246}.Debug|Any CPU.ActiveCfg = Debug|Any CPU
		{C8B4E8AD-C4DA-43BF-9F2B-B56985181246}.Debug|Any CPU.Build.0 = Debug|Any CPU
		{C8B4E8AD-C4DA-43BF-9F2B-B56985181246}.Release|Any CPU.ActiveCfg = Release|Any CPU
		{C8B4E8AD-C4DA-43BF-9F2B-B56985181246}.Release|Any CPU.Build.0 = Release|Any CPU
		{57121FD6-9BEE-47BE-9FEA-552A289AFE4C}.Debug|Any CPU.ActiveCfg = Debug|Any CPU
		{57121FD6-9BEE-47BE-9FEA-552A289AFE4C}.Debug|Any CPU.Build.0 = Debug|Any CPU
		{57121FD6-9BEE-47BE-9FEA-552A289AFE4C}.Release|Any CPU.ActiveCfg = Release|Any CPU
		{57121FD6-9BEE-47BE-9FEA-552A289AFE4C}.Release|Any CPU.Build.0 = Release|Any CPU
		{611344ED-48F3-4179-8A98-490595359798}.Debug|Any CPU.ActiveCfg = Debug|Any CPU
		{611344ED-48F3-4179-8A98-490595359798}.Debug|Any CPU.Build.0 = Debug|Any CPU
		{611344ED-48F3-4179-8A98-490595359798}.Release|Any CPU.ActiveCfg = Release|Any CPU
		{611344ED-48F3-4179-8A98-490595359798}.Release|Any CPU.Build.0 = Release|Any CPU
		{86307312-980D-4F49-B6B8-B4EBCF938C44}.Debug|Any CPU.ActiveCfg = Debug|Any CPU
		{86307312-980D-4F49-B6B8-B4EBCF938C44}.Debug|Any CPU.Build.0 = Debug|Any CPU
		{86307312-980D-4F49-B6B8-B4EBCF938C44}.Release|Any CPU.ActiveCfg = Release|Any CPU
		{86307312-980D-4F49-B6B8-B4EBCF938C44}.Release|Any CPU.Build.0 = Release|Any CPU
		{DD28A3DE-DF92-4FF9-854D-DD6468FDC0BB}.Debug|Any CPU.ActiveCfg = Debug|Any CPU
		{DD28A3DE-DF92-4FF9-854D-DD6468FDC0BB}.Debug|Any CPU.Build.0 = Debug|Any CPU
		{DD28A3DE-DF92-4FF9-854D-DD6468FDC0BB}.Release|Any CPU.ActiveCfg = Release|Any CPU
		{DD28A3DE-DF92-4FF9-854D-DD6468FDC0BB}.Release|Any CPU.Build.0 = Release|Any CPU
		{D43CC934-5186-4FE1-A2CC-6FB88B9F6E07}.Debug|Any CPU.ActiveCfg = Debug|Any CPU
		{D43CC934-5186-4FE1-A2CC-6FB88B9F6E07}.Debug|Any CPU.Build.0 = Debug|Any CPU
		{D43CC934-5186-4FE1-A2CC-6FB88B9F6E07}.Release|Any CPU.ActiveCfg = Release|Any CPU
		{D43CC934-5186-4FE1-A2CC-6FB88B9F6E07}.Release|Any CPU.Build.0 = Release|Any CPU
		{D1905A68-04FA-4054-AAAD-65E94AB2C500}.Debug|Any CPU.ActiveCfg = Debug|Any CPU
		{D1905A68-04FA-4054-AAAD-65E94AB2C500}.Debug|Any CPU.Build.0 = Debug|Any CPU
		{D1905A68-04FA-4054-AAAD-65E94AB2C500}.Release|Any CPU.ActiveCfg = Release|Any CPU
		{D1905A68-04FA-4054-AAAD-65E94AB2C500}.Release|Any CPU.Build.0 = Release|Any CPU
		{A62DA6FD-5ADE-4CCB-BE36-F3FF7119257F}.Debug|Any CPU.ActiveCfg = Debug|Any CPU
		{A62DA6FD-5ADE-4CCB-BE36-F3FF7119257F}.Debug|Any CPU.Build.0 = Debug|Any CPU
		{A62DA6FD-5ADE-4CCB-BE36-F3FF7119257F}.Release|Any CPU.ActiveCfg = Release|Any CPU
		{A62DA6FD-5ADE-4CCB-BE36-F3FF7119257F}.Release|Any CPU.Build.0 = Release|Any CPU
		{E12AADC1-F43C-4F93-B0B3-4EF16DD0611B}.Debug|Any CPU.ActiveCfg = Debug|Any CPU
		{E12AADC1-F43C-4F93-B0B3-4EF16DD0611B}.Debug|Any CPU.Build.0 = Debug|Any CPU
		{E12AADC1-F43C-4F93-B0B3-4EF16DD0611B}.Release|Any CPU.ActiveCfg = Release|Any CPU
		{E12AADC1-F43C-4F93-B0B3-4EF16DD0611B}.Release|Any CPU.Build.0 = Release|Any CPU
	EndGlobalSection
	GlobalSection(SolutionProperties) = preSolution
		HideSolutionNode = FALSE
	EndGlobalSection
	GlobalSection(ExtensibilityGlobals) = postSolution
		SolutionGuid = {0214A2BE-6BC2-48A7-9EE1-D13CBBFA40B4}
	EndGlobalSection
EndGlobal
