
Microsoft Visual Studio Solution File, Format Version 12.00
# Visual Studio Version 16
VisualStudioVersion = 16.0.30114.105
MinimumVisualStudioVersion = 10.0.40219.1
Project("{FAE04EC0-301F-11D3-BF4B-00C04F79EFBC}") = "Methods - Exercise", "Methods - Exercise\Methods - Exercise.csproj", "{43E517D7-88E8-451D-8F6D-DC8185BCE14E}"
EndProject
Project("{FAE04EC0-301F-11D3-BF4B-00C04F79EFBC}") = "02. Vowels Count", "02. Vowels Count\02. Vowels Count.csproj", "{73454FAF-AA6E-420C-8B4D-8DCCD4EAC412}"
EndProject
Project("{FAE04EC0-301F-11D3-BF4B-00C04F79EFBC}") = "03. Characters in Range", "03. Characters in Range\03. Characters in Range.csproj", "{6112D304-9942-4ABE-B4A9-96FC4293243C}"
EndProject
Project("{FAE04EC0-301F-11D3-BF4B-00C04F79EFBC}") = "04. Password Validator", "04. Password Validator\04. Password Validator.csproj", "{08EB8654-32D4-4B85-BBF8-532759AA777C}"
EndProject
Project("{FAE04EC0-301F-11D3-BF4B-00C04F79EFBC}") = "05. Add and Subtract", "05. Add and Subtract\05. Add and Subtract.csproj", "{2D542D5E-25EC-4A72-A78B-F715D8E11A0B}"
EndProject
Project("{FAE04EC0-301F-11D3-BF4B-00C04F79EFBC}") = "06. Middle Characters", "06. Middle Characters\06. Middle Characters.csproj", "{DBC25388-2B8B-4DAE-8BFA-070BBAC01ADA}"
EndProject
Project("{FAE04EC0-301F-11D3-BF4B-00C04F79EFBC}") = "07. NxN Matrix", "07. NxN Matrix\07. NxN Matrix.csproj", "{6E877F81-B757-44F0-8A9F-FC0A5CE85AC8}"
EndProject
Project("{FAE04EC0-301F-11D3-BF4B-00C04F79EFBC}") = "08. Factorial Division", "08. Factorial Division\08. Factorial Division.csproj", "{6D75B699-AC9E-4808-BC4E-FF2C90CE82F1}"
EndProject
Project("{FAE04EC0-301F-11D3-BF4B-00C04F79EFBC}") = "09. Palindrome Integers", "09. Palindrome Integers\09. Palindrome Integers.csproj", "{044C07DC-FEC0-466F-87D1-D9005E9BF3CB}"
EndProject
Project("{FAE04EC0-301F-11D3-BF4B-00C04F79EFBC}") = "10. Top Number", "10. Top Number\10. Top Number.csproj", "{D11593C8-3C0D-4884-B663-3E86856293B2}"
EndProject
Project("{FAE04EC0-301F-11D3-BF4B-00C04F79EFBC}") = "11. Array Manipulator", "11. Array Manipulator\11. Array Manipulator.csproj", "{07F2E2AC-E9E0-4C06-9834-4B213C0C5885}"
EndProject
Project("{FAE04EC0-301F-11D3-BF4B-00C04F79EFBC}") = "01. Data Types", "01. Data Types\01. Data Types.csproj", "{5D2640E1-89D4-4C76-904E-89ABCDA6A668}"
EndProject
Project("{FAE04EC0-301F-11D3-BF4B-00C04F79EFBC}") = "02. Center Point", "02. Center Point\02. Center Point.csproj", "{756DBE8A-A855-4D2F-A769-AABB4ED0D717}"
EndProject
Project("{FAE04EC0-301F-11D3-BF4B-00C04F79EFBC}") = "05. Multiplication Sign", "05. Multiplication Sign\05. Multiplication Sign.csproj", "{076E9B3E-C8A3-4174-B56E-0E8CE4A011E9}"
EndProject
Project("{FAE04EC0-301F-11D3-BF4B-00C04F79EFBC}") = "04. Tribonacci Sequence", "04. Tribonacci Sequence\04. Tribonacci Sequence.csproj", "{3A8C7637-8F85-4DF0-93EB-CA828368D076}"
EndProject
Project("{FAE04EC0-301F-11D3-BF4B-00C04F79EFBC}") = "03. Longer Line", "03. Longer Line\03. Longer Line.csproj", "{00A0BEDE-8219-4B0A-85D1-810447F7C68C}"
EndProject
Project("{FAE04EC0-301F-11D3-BF4B-00C04F79EFBC}") = "snake", "snake\snake.csproj", "{3E78BDB4-59FC-46BB-9195-40B2E8057900}"
EndProject
Global
	GlobalSection(SolutionConfigurationPlatforms) = preSolution
		Debug|Any CPU = Debug|Any CPU
		Release|Any CPU = Release|Any CPU
	EndGlobalSection
	GlobalSection(ProjectConfigurationPlatforms) = postSolution
		{43E517D7-88E8-451D-8F6D-DC8185BCE14E}.Debug|Any CPU.ActiveCfg = Debug|Any CPU
		{43E517D7-88E8-451D-8F6D-DC8185BCE14E}.Debug|Any CPU.Build.0 = Debug|Any CPU
		{43E517D7-88E8-451D-8F6D-DC8185BCE14E}.Release|Any CPU.ActiveCfg = Release|Any CPU
		{43E517D7-88E8-451D-8F6D-DC8185BCE14E}.Release|Any CPU.Build.0 = Release|Any CPU
		{73454FAF-AA6E-420C-8B4D-8DCCD4EAC412}.Debug|Any CPU.ActiveCfg = Debug|Any CPU
		{73454FAF-AA6E-420C-8B4D-8DCCD4EAC412}.Debug|Any CPU.Build.0 = Debug|Any CPU
		{73454FAF-AA6E-420C-8B4D-8DCCD4EAC412}.Release|Any CPU.ActiveCfg = Release|Any CPU
		{73454FAF-AA6E-420C-8B4D-8DCCD4EAC412}.Release|Any CPU.Build.0 = Release|Any CPU
		{6112D304-9942-4ABE-B4A9-96FC4293243C}.Debug|Any CPU.ActiveCfg = Debug|Any CPU
		{6112D304-9942-4ABE-B4A9-96FC4293243C}.Debug|Any CPU.Build.0 = Debug|Any CPU
		{6112D304-9942-4ABE-B4A9-96FC4293243C}.Release|Any CPU.ActiveCfg = Release|Any CPU
		{6112D304-9942-4ABE-B4A9-96FC4293243C}.Release|Any CPU.Build.0 = Release|Any CPU
		{08EB8654-32D4-4B85-BBF8-532759AA777C}.Debug|Any CPU.ActiveCfg = Debug|Any CPU
		{08EB8654-32D4-4B85-BBF8-532759AA777C}.Debug|Any CPU.Build.0 = Debug|Any CPU
		{08EB8654-32D4-4B85-BBF8-532759AA777C}.Release|Any CPU.ActiveCfg = Release|Any CPU
		{08EB8654-32D4-4B85-BBF8-532759AA777C}.Release|Any CPU.Build.0 = Release|Any CPU
		{2D542D5E-25EC-4A72-A78B-F715D8E11A0B}.Debug|Any CPU.ActiveCfg = Debug|Any CPU
		{2D542D5E-25EC-4A72-A78B-F715D8E11A0B}.Debug|Any CPU.Build.0 = Debug|Any CPU
		{2D542D5E-25EC-4A72-A78B-F715D8E11A0B}.Release|Any CPU.ActiveCfg = Release|Any CPU
		{2D542D5E-25EC-4A72-A78B-F715D8E11A0B}.Release|Any CPU.Build.0 = Release|Any CPU
		{DBC25388-2B8B-4DAE-8BFA-070BBAC01ADA}.Debug|Any CPU.ActiveCfg = Debug|Any CPU
		{DBC25388-2B8B-4DAE-8BFA-070BBAC01ADA}.Debug|Any CPU.Build.0 = Debug|Any CPU
		{DBC25388-2B8B-4DAE-8BFA-070BBAC01ADA}.Release|Any CPU.ActiveCfg = Release|Any CPU
		{DBC25388-2B8B-4DAE-8BFA-070BBAC01ADA}.Release|Any CPU.Build.0 = Release|Any CPU
		{6E877F81-B757-44F0-8A9F-FC0A5CE85AC8}.Debug|Any CPU.ActiveCfg = Debug|Any CPU
		{6E877F81-B757-44F0-8A9F-FC0A5CE85AC8}.Debug|Any CPU.Build.0 = Debug|Any CPU
		{6E877F81-B757-44F0-8A9F-FC0A5CE85AC8}.Release|Any CPU.ActiveCfg = Release|Any CPU
		{6E877F81-B757-44F0-8A9F-FC0A5CE85AC8}.Release|Any CPU.Build.0 = Release|Any CPU
		{6D75B699-AC9E-4808-BC4E-FF2C90CE82F1}.Debug|Any CPU.ActiveCfg = Debug|Any CPU
		{6D75B699-AC9E-4808-BC4E-FF2C90CE82F1}.Debug|Any CPU.Build.0 = Debug|Any CPU
		{6D75B699-AC9E-4808-BC4E-FF2C90CE82F1}.Release|Any CPU.ActiveCfg = Release|Any CPU
		{6D75B699-AC9E-4808-BC4E-FF2C90CE82F1}.Release|Any CPU.Build.0 = Release|Any CPU
		{044C07DC-FEC0-466F-87D1-D9005E9BF3CB}.Debug|Any CPU.ActiveCfg = Debug|Any CPU
		{044C07DC-FEC0-466F-87D1-D9005E9BF3CB}.Debug|Any CPU.Build.0 = Debug|Any CPU
		{044C07DC-FEC0-466F-87D1-D9005E9BF3CB}.Release|Any CPU.ActiveCfg = Release|Any CPU
		{044C07DC-FEC0-466F-87D1-D9005E9BF3CB}.Release|Any CPU.Build.0 = Release|Any CPU
		{D11593C8-3C0D-4884-B663-3E86856293B2}.Debug|Any CPU.ActiveCfg = Debug|Any CPU
		{D11593C8-3C0D-4884-B663-3E86856293B2}.Debug|Any CPU.Build.0 = Debug|Any CPU
		{D11593C8-3C0D-4884-B663-3E86856293B2}.Release|Any CPU.ActiveCfg = Release|Any CPU
		{D11593C8-3C0D-4884-B663-3E86856293B2}.Release|Any CPU.Build.0 = Release|Any CPU
		{07F2E2AC-E9E0-4C06-9834-4B213C0C5885}.Debug|Any CPU.ActiveCfg = Debug|Any CPU
		{07F2E2AC-E9E0-4C06-9834-4B213C0C5885}.Debug|Any CPU.Build.0 = Debug|Any CPU
		{07F2E2AC-E9E0-4C06-9834-4B213C0C5885}.Release|Any CPU.ActiveCfg = Release|Any CPU
		{07F2E2AC-E9E0-4C06-9834-4B213C0C5885}.Release|Any CPU.Build.0 = Release|Any CPU
		{5D2640E1-89D4-4C76-904E-89ABCDA6A668}.Debug|Any CPU.ActiveCfg = Debug|Any CPU
		{5D2640E1-89D4-4C76-904E-89ABCDA6A668}.Debug|Any CPU.Build.0 = Debug|Any CPU
		{5D2640E1-89D4-4C76-904E-89ABCDA6A668}.Release|Any CPU.ActiveCfg = Release|Any CPU
		{5D2640E1-89D4-4C76-904E-89ABCDA6A668}.Release|Any CPU.Build.0 = Release|Any CPU
		{756DBE8A-A855-4D2F-A769-AABB4ED0D717}.Debug|Any CPU.ActiveCfg = Debug|Any CPU
		{756DBE8A-A855-4D2F-A769-AABB4ED0D717}.Debug|Any CPU.Build.0 = Debug|Any CPU
		{756DBE8A-A855-4D2F-A769-AABB4ED0D717}.Release|Any CPU.ActiveCfg = Release|Any CPU
		{756DBE8A-A855-4D2F-A769-AABB4ED0D717}.Release|Any CPU.Build.0 = Release|Any CPU
		{076E9B3E-C8A3-4174-B56E-0E8CE4A011E9}.Debug|Any CPU.ActiveCfg = Debug|Any CPU
		{076E9B3E-C8A3-4174-B56E-0E8CE4A011E9}.Debug|Any CPU.Build.0 = Debug|Any CPU
		{076E9B3E-C8A3-4174-B56E-0E8CE4A011E9}.Release|Any CPU.ActiveCfg = Release|Any CPU
		{076E9B3E-C8A3-4174-B56E-0E8CE4A011E9}.Release|Any CPU.Build.0 = Release|Any CPU
		{3A8C7637-8F85-4DF0-93EB-CA828368D076}.Debug|Any CPU.ActiveCfg = Debug|Any CPU
		{3A8C7637-8F85-4DF0-93EB-CA828368D076}.Debug|Any CPU.Build.0 = Debug|Any CPU
		{3A8C7637-8F85-4DF0-93EB-CA828368D076}.Release|Any CPU.ActiveCfg = Release|Any CPU
		{3A8C7637-8F85-4DF0-93EB-CA828368D076}.Release|Any CPU.Build.0 = Release|Any CPU
		{00A0BEDE-8219-4B0A-85D1-810447F7C68C}.Debug|Any CPU.ActiveCfg = Debug|Any CPU
		{00A0BEDE-8219-4B0A-85D1-810447F7C68C}.Debug|Any CPU.Build.0 = Debug|Any CPU
		{00A0BEDE-8219-4B0A-85D1-810447F7C68C}.Release|Any CPU.ActiveCfg = Release|Any CPU
		{00A0BEDE-8219-4B0A-85D1-810447F7C68C}.Release|Any CPU.Build.0 = Release|Any CPU
		{3E78BDB4-59FC-46BB-9195-40B2E8057900}.Debug|Any CPU.ActiveCfg = Debug|Any CPU
		{3E78BDB4-59FC-46BB-9195-40B2E8057900}.Debug|Any CPU.Build.0 = Debug|Any CPU
		{3E78BDB4-59FC-46BB-9195-40B2E8057900}.Release|Any CPU.ActiveCfg = Release|Any CPU
		{3E78BDB4-59FC-46BB-9195-40B2E8057900}.Release|Any CPU.Build.0 = Release|Any CPU
	EndGlobalSection
	GlobalSection(SolutionProperties) = preSolution
		HideSolutionNode = FALSE
	EndGlobalSection
	GlobalSection(ExtensibilityGlobals) = postSolution
		SolutionGuid = {C62279C9-C4B7-446A-ABF9-97A59B1F8676}
	EndGlobalSection
EndGlobal
